// !$*UTF8*$!
{
	archiveVersion = 1;
	classes = {
	};
	objectVersion = 46;
	objects = {

/* Begin PBXBuildFile section */
		3EC7C2A316B5A2DB0027A1E2 /* UIKit.framework in Frameworks */ = {isa = PBXBuildFile; fileRef = 3EC7C2A216B5A2DB0027A1E2 /* UIKit.framework */; };
		3EC7C2A516B5A2DB0027A1E2 /* Foundation.framework in Frameworks */ = {isa = PBXBuildFile; fileRef = 3EC7C2A416B5A2DB0027A1E2 /* Foundation.framework */; };
		3EC7C2A716B5A2DB0027A1E2 /* CoreGraphics.framework in Frameworks */ = {isa = PBXBuildFile; fileRef = 3EC7C2A616B5A2DB0027A1E2 /* CoreGraphics.framework */; };
		3EC7C2A916B5A2DB0027A1E2 /* CoreData.framework in Frameworks */ = {isa = PBXBuildFile; fileRef = 3EC7C2A816B5A2DB0027A1E2 /* CoreData.framework */; };
		3EC7C2AF16B5A2DB0027A1E2 /* InfoPlist.strings in Resources */ = {isa = PBXBuildFile; fileRef = 3EC7C2AD16B5A2DB0027A1E2 /* InfoPlist.strings */; };
		3EC7C2B116B5A2DB0027A1E2 /* main.m in Sources */ = {isa = PBXBuildFile; fileRef = 3EC7C2B016B5A2DB0027A1E2 /* main.m */; };
		3EC7C2B516B5A2DB0027A1E2 /* AppDelegate.m in Sources */ = {isa = PBXBuildFile; fileRef = 3EC7C2B416B5A2DB0027A1E2 /* AppDelegate.m */; };
		3EC7C2B716B5A2DB0027A1E2 /* Default.png in Resources */ = {isa = PBXBuildFile; fileRef = 3EC7C2B616B5A2DB0027A1E2 /* Default.png */; };
		3EC7C2B916B5A2DB0027A1E2 /* Default@2x.png in Resources */ = {isa = PBXBuildFile; fileRef = 3EC7C2B816B5A2DB0027A1E2 /* Default@2x.png */; };
		3EC7C2BB16B5A2DB0027A1E2 /* Default-568h@2x.png in Resources */ = {isa = PBXBuildFile; fileRef = 3EC7C2BA16B5A2DB0027A1E2 /* Default-568h@2x.png */; };
		3EC7C2BE16B5A2DB0027A1E2 /* iCameHere.xcdatamodeld in Sources */ = {isa = PBXBuildFile; fileRef = 3EC7C2BC16B5A2DB0027A1E2 /* iCameHere.xcdatamodeld */; };
/* End PBXBuildFile section */

/* Begin PBXFileReference section */
		3EC7C29E16B5A2DB0027A1E2 /* iCameHere.app */ = {isa = PBXFileReference; explicitFileType = wrapper.application; includeInIndex = 0; path = iCameHere.app; sourceTree = BUILT_PRODUCTS_DIR; };
		3EC7C2A216B5A2DB0027A1E2 /* UIKit.framework */ = {isa = PBXFileReference; lastKnownFileType = wrapper.framework; name = UIKit.framework; path = System/Library/Frameworks/UIKit.framework; sourceTree = SDKROOT; };
		3EC7C2A416B5A2DB0027A1E2 /* Foundation.framework */ = {isa = PBXFileReference; lastKnownFileType = wrapper.framework; name = Foundation.framework; path = System/Library/Frameworks/Foundation.framework; sourceTree = SDKROOT; };
		3EC7C2A616B5A2DB0027A1E2 /* CoreGraphics.framework */ = {isa = PBXFileReference; lastKnownFileType = wrapper.framework; name = CoreGraphics.framework; path = System/Library/Frameworks/CoreGraphics.framework; sourceTree = SDKROOT; };
		3EC7C2A816B5A2DB0027A1E2 /* CoreData.framework */ = {isa = PBXFileReference; lastKnownFileType = wrapper.framework; name = CoreData.framework; path = System/Library/Frameworks/CoreData.framework; sourceTree = SDKROOT; };
		3EC7C2AC16B5A2DB0027A1E2 /* iCameHere-Info.plist */ = {isa = PBXFileReference; lastKnownFileType = text.plist.xml; path = "iCameHere-Info.plist"; sourceTree = "<group>"; };
		3EC7C2AE16B5A2DB0027A1E2 /* en */ = {isa = PBXFileReference; lastKnownFileType = text.plist.strings; name = en; path = en.lproj/InfoPlist.strings; sourceTree = "<group>"; };
		3EC7C2B016B5A2DB0027A1E2 /* main.m */ = {isa = PBXFileReference; lastKnownFileType = sourcecode.c.objc; path = main.m; sourceTree = "<group>"; };
		3EC7C2B216B5A2DB0027A1E2 /* iCameHere-Prefix.pch */ = {isa = PBXFileReference; lastKnownFileType = sourcecode.c.h; path = "iCameHere-Prefix.pch"; sourceTree = "<group>"; };
		3EC7C2B316B5A2DB0027A1E2 /* AppDelegate.h */ = {isa = PBXFileReference; lastKnownFileType = sourcecode.c.h; path = AppDelegate.h; sourceTree = "<group>"; };
		3EC7C2B416B5A2DB0027A1E2 /* AppDelegate.m */ = {isa = PBXFileReference; lastKnownFileType = sourcecode.c.objc; path = AppDelegate.m; sourceTree = "<group>"; };
		3EC7C2B616B5A2DB0027A1E2 /* Default.png */ = {isa = PBXFileReference; lastKnownFileType = image.png; path = Default.png; sourceTree = "<group>"; };
		3EC7C2B816B5A2DB0027A1E2 /* Default@2x.png */ = {isa = PBXFileReference; lastKnownFileType = image.png; path = "Default@2x.png"; sourceTree = "<group>"; };
		3EC7C2BA16B5A2DB0027A1E2 /* Default-568h@2x.png */ = {isa = PBXFileReference; lastKnownFileType = image.png; path = "Default-568h@2x.png"; sourceTree = "<group>"; };
		3EC7C2BD16B5A2DB0027A1E2 /* iCameHere.xcdatamodel */ = {isa = PBXFileReference; lastKnownFileType = wrapper.xcdatamodel; path = iCameHere.xcdatamodel; sourceTree = "<group>"; };
/* End PBXFileReference section */

/* Begin PBXFrameworksBuildPhase section */
		3EC7C29B16B5A2DB0027A1E2 /* Frameworks */ = {
			isa = PBXFrameworksBuildPhase;
			buildActionMask = 2147483647;
			files = (
				3EC7C2A316B5A2DB0027A1E2 /* UIKit.framework in Frameworks */,
				3EC7C2A516B5A2DB0027A1E2 /* Foundation.framework in Frameworks */,
				3EC7C2A716B5A2DB0027A1E2 /* CoreGraphics.framework in Frameworks */,
				3EC7C2A916B5A2DB0027A1E2 /* CoreData.framework in Frameworks */,
			);
			runOnlyForDeploymentPostprocessing = 0;
		};
/* End PBXFrameworksBuildPhase section */

/* Begin PBXGroup section */
		3EC7C29316B5A2DB0027A1E2 = {
			isa = PBXGroup;
			children = (
				3EC7C2AA16B5A2DB0027A1E2 /* iCameHere */,
				3EC7C2A116B5A2DB0027A1E2 /* Frameworks */,
				3EC7C29F16B5A2DB0027A1E2 /* Products */,
			);
			sourceTree = "<group>";
		};
		3EC7C29F16B5A2DB0027A1E2 /* Products */ = {
			isa = PBXGroup;
			children = (
				3EC7C29E16B5A2DB0027A1E2 /* iCameHere.app */,
			);
			name = Products;
			sourceTree = "<group>";
		};
		3EC7C2A116B5A2DB0027A1E2 /* Frameworks */ = {
			isa = PBXGroup;
			children = (
				3EC7C2A216B5A2DB0027A1E2 /* UIKit.framework */,
				3EC7C2A416B5A2DB0027A1E2 /* Foundation.framework */,
				3EC7C2A616B5A2DB0027A1E2 /* CoreGraphics.framework */,
				3EC7C2A816B5A2DB0027A1E2 /* CoreData.framework */,
			);
			name = Frameworks;
			sourceTree = "<group>";
		};
		3EC7C2AA16B5A2DB0027A1E2 /* iCameHere */ = {
			isa = PBXGroup;
			children = (
				3EC7C2B316B5A2DB0027A1E2 /* AppDelegate.h */,
				3EC7C2B416B5A2DB0027A1E2 /* AppDelegate.m */,
				3EC7C2BC16B5A2DB0027A1E2 /* iCameHere.xcdatamodeld */,
				3EC7C2AB16B5A2DB0027A1E2 /* Supporting Files */,
			);
			path = iCameHere;
			sourceTree = "<group>";
		};
		3EC7C2AB16B5A2DB0027A1E2 /* Supporting Files */ = {
			isa = PBXGroup;
			children = (
				3EC7C2AC16B5A2DB0027A1E2 /* iCameHere-Info.plist */,
				3EC7C2AD16B5A2DB0027A1E2 /* InfoPlist.strings */,
				3EC7C2B016B5A2DB0027A1E2 /* main.m */,
				3EC7C2B216B5A2DB0027A1E2 /* iCameHere-Prefix.pch */,
				3EC7C2B616B5A2DB0027A1E2 /* Default.png */,
				3EC7C2B816B5A2DB0027A1E2 /* Default@2x.png */,
				3EC7C2BA16B5A2DB0027A1E2 /* Default-568h@2x.png */,
			);
			name = "Supporting Files";
			sourceTree = "<group>";
		};
/* End PBXGroup section */

/* Begin PBXNativeTarget section */
		3EC7C29D16B5A2DB0027A1E2 /* iCameHere */ = {
			isa = PBXNativeTarget;
			buildConfigurationList = 3EC7C2C116B5A2DB0027A1E2 /* Build configuration list for PBXNativeTarget "iCameHere" */;
			buildPhases = (
				3EC7C29A16B5A2DB0027A1E2 /* Sources */,
				3EC7C29B16B5A2DB0027A1E2 /* Frameworks */,
				3EC7C29C16B5A2DB0027A1E2 /* Resources */,
			);
			buildRules = (
			);
			dependencies = (
			);
			name = iCameHere;
			productName = iCameHere;
			productReference = 3EC7C29E16B5A2DB0027A1E2 /* iCameHere.app */;
			productType = "com.apple.product-type.application";
		};
/* End PBXNativeTarget section */

/* Begin PBXProject section */
		3EC7C29516B5A2DB0027A1E2 /* Project object */ = {
			isa = PBXProject;
			attributes = {
				LastUpgradeCheck = 0450;
				ORGANIZATIONNAME = "Roberto Aran";
			};
			buildConfigurationList = 3EC7C29816B5A2DB0027A1E2 /* Build configuration list for PBXProject "iCameHere" */;
			compatibilityVersion = "Xcode 3.2";
			developmentRegion = English;
			hasScannedForEncodings = 0;
			knownRegions = (
				en,
			);
			mainGroup = 3EC7C29316B5A2DB0027A1E2;
			productRefGroup = 3EC7C29F16B5A2DB0027A1E2 /* Products */;
			projectDirPath = "";
			projectRoot = "";
			targets = (
				3EC7C29D16B5A2DB0027A1E2 /* iCameHere */,
			);
		};
/* End PBXProject section */

/* Begin PBXResourcesBuildPhase section */
		3EC7C29C16B5A2DB0027A1E2 /* Resources */ = {
			isa = PBXResourcesBuildPhase;
			buildActionMask = 2147483647;
			files = (
				3EC7C2AF16B5A2DB0027A1E2 /* InfoPlist.strings in Resources */,
				3EC7C2B716B5A2DB0027A1E2 /* Default.png in Resources */,
				3EC7C2B916B5A2DB0027A1E2 /* Default@2x.png in Resources */,
				3EC7C2BB16B5A2DB0027A1E2 /* Default-568h@2x.png in Resources */,
			);
			runOnlyForDeploymentPostprocessing = 0;
		};
/* End PBXResourcesBuildPhase section */

/* Begin PBXSourcesBuildPhase section */
		3EC7C29A16B5A2DB0027A1E2 /* Sources */ = {
			isa = PBXSourcesBuildPhase;
			buildActionMask = 2147483647;
			files = (
				3EC7C2B116B5A2DB0027A1E2 /* main.m in Sources */,
				3EC7C2B516B5A2DB0027A1E2 /* AppDelegate.m in Sources */,
				3EC7C2BE16B5A2DB0027A1E2 /* iCameHere.xcdatamodeld in Sources */,
			);
			runOnlyForDeploymentPostprocessing = 0;
		};
/* End PBXSourcesBuildPhase section */

/* Begin PBXVariantGroup section */
		3EC7C2AD16B5A2DB0027A1E2 /* InfoPlist.strings */ = {
			isa = PBXVariantGroup;
			children = (
				3EC7C2AE16B5A2DB0027A1E2 /* en */,
			);
			name = InfoPlist.strings;
			sourceTree = "<group>";
		};
/* End PBXVariantGroup section */

/* Begin XCBuildConfiguration section */
		3EC7C2BF16B5A2DB0027A1E2 /* Debug */ = {
			isa = XCBuildConfiguration;
			buildSettings = {
				ALWAYS_SEARCH_USER_PATHS = NO;
				CLANG_CXX_LANGUAGE_STANDARD = "gnu++0x";
				CLANG_CXX_LIBRARY = "libc++";
				CLANG_ENABLE_OBJC_ARC = YES;
				CLANG_WARN_EMPTY_BODY = YES;
				CLANG_WARN__DUPLICATE_METHOD_MATCH = YES;
				"CODE_SIGN_IDENTITY[sdk=iphoneos*]" = "iPhone Developer";
				COPY_PHASE_STRIP = NO;
				GCC_C_LANGUAGE_STANDARD = gnu99;
				GCC_DYNAMIC_NO_PIC = NO;
				GCC_OPTIMIZATION_LEVEL = 0;
				GCC_PREPROCESSOR_DEFINITIONS = (
					"DEBUG=1",
					"$(inherited)",
				);
				GCC_SYMBOLS_PRIVATE_EXTERN = NO;
				GCC_WARN_ABOUT_RETURN_TYPE = YES;
				GCC_WARN_UNINITIALIZED_AUTOS = YES;
				GCC_WARN_UNUSED_VARIABLE = YES;
				IPHONEOS_DEPLOYMENT_TARGET = 6.0;
				ONLY_ACTIVE_ARCH = YES;
				SDKROOT = iphoneos;
			};
			name = Debug;
		};
		3EC7C2C016B5A2DB0027A1E2 /* Release */ = {
			isa = XCBuildConfiguration;
			buildSettings = {
				ALWAYS_SEARCH_USER_PATHS = NO;
				CLANG_CXX_LANGUAGE_STANDARD = "gnu++0x";
				CLANG_CXX_LIBRARY = "libc++";
				CLANG_ENABLE_OBJC_ARC = YES;
				CLANG_WARN_EMPTY_BODY = YES;
				CLANG_WARN__DUPLICATE_METHOD_MATCH = YES;
				"CODE_SIGN_IDENTITY[sdk=iphoneos*]" = "iPhone Developer";
				COPY_PHASE_STRIP = YES;
				GCC_C_LANGUAGE_STANDARD = gnu99;
				GCC_WARN_ABOUT_RETURN_TYPE = YES;
				GCC_WARN_UNINITIALIZED_AUTOS = YES;
				GCC_WARN_UNUSED_VARIABLE = YES;
				IPHONEOS_DEPLOYMENT_TARGET = 6.0;
				OTHER_CFLAGS = "-DNS_BLOCK_ASSERTIONS=1";
				SDKROOT = iphoneos;
				VALIDATE_PRODUCT = YES;
			};
			name = Release;
		};
		3EC7C2C216B5A2DB0027A1E2 /* Debug */ = {
			isa = XCBuildConfiguration;
			buildSettings = {
				GCC_PRECOMPILE_PREFIX_HEADER = YES;
				GCC_PREFIX_HEADER = "iCameHere/iCameHere-Prefix.pch";
				INFOPLIST_FILE = "iCameHere/iCameHere-Info.plist";
				PRODUCT_NAME = "$(TARGET_NAME)";
				WRAPPER_EXTENSION = app;
			};
			name = Debug;
		};
		3EC7C2C316B5A2DB0027A1E2 /* Release */ = {
			isa = XCBuildConfiguration;
			buildSettings = {
				GCC_PRECOMPILE_PREFIX_HEADER = YES;
				GCC_PREFIX_HEADER = "iCameHere/iCameHere-Prefix.pch";
				INFOPLIST_FILE = "iCameHere/iCameHere-Info.plist";
				PRODUCT_NAME = "$(TARGET_NAME)";
				WRAPPER_EXTENSION = app;
			};
			name = Release;
		};
/* End XCBuildConfiguration section */

/* Begin XCConfigurationList section */
		3EC7C29816B5A2DB0027A1E2 /* Build configuration list for PBXProject "iCameHere" */ = {
			isa = XCConfigurationList;
			buildConfigurations = (
				3EC7C2BF16B5A2DB0027A1E2 /* Debug */,
				3EC7C2C016B5A2DB0027A1E2 /* Release */,
			);
			defaultConfigurationIsVisible = 0;
			defaultConfigurationName = Release;
		};
		3EC7C2C116B5A2DB0027A1E2 /* Build configuration list for PBXNativeTarget "iCameHere" */ = {
			isa = XCConfigurationList;
			buildConfigurations = (
				3EC7C2C216B5A2DB0027A1E2 /* Debug */,
				3EC7C2C316B5A2DB0027A1E2 /* Release */,
			);
			defaultConfigurationIsVisible = 0;
		};
/* End XCConfigurationList section */

/* Begin XCVersionGroup section */
		3EC7C2BC16B5A2DB0027A1E2 /* iCameHere.xcdatamodeld */ = {
			isa = XCVersionGroup;
			children = (
				3EC7C2BD16B5A2DB0027A1E2 /* iCameHere.xcdatamodel */,
			);
			currentVersion = 3EC7C2BD16B5A2DB0027A1E2 /* iCameHere.xcdatamodel */;
			path = iCameHere.xcdatamodeld;
			sourceTree = "<group>";
			versionGroupType = wrapper.xcdatamodel;
		};
/* End XCVersionGroup section */
	};
	rootObject = 3EC7C29516B5A2DB0027A1E2 /* Project object */;
}
